
Microsoft Visual Studio Solution File, Format Version 12.00
# Visual Studio 2012
Project("{E24C65DC-7377-472B-9ABA-BC803B73C61A}") = "WSCafaro", ".", "{BE5F59BC-A8F9-4781-A28E-E5F65780CC89}"
	ProjectSection(WebsiteProperties) = preProject
		TargetFrameworkMoniker = ".NETFramework,Version%3Dv3.5"
		Debug.AspNetCompiler.VirtualPath = "/WSCafaro"
		Debug.AspNetCompiler.PhysicalPath = "..\WSCafaro\"
		Debug.AspNetCompiler.TargetPath = "PrecompiledWeb\WSCafaro\"
		Debug.AspNetCompiler.Updateable = "true"
		Debug.AspNetCompiler.ForceOverwrite = "true"
		Debug.AspNetCompiler.FixedNames = "false"
		Debug.AspNetCompiler.Debug = "True"
		Release.AspNetCompiler.VirtualPath = "/WSCafaro"
		Release.AspNetCompiler.PhysicalPath = "..\WSCafaro\"
		Release.AspNetCompiler.TargetPath = "PrecompiledWeb\WSCafaro\"
		Release.AspNetCompiler.Updateable = "true"
		Release.AspNetCompiler.ForceOverwrite = "true"
		Release.AspNetCompiler.FixedNames = "false"
		Release.AspNetCompiler.Debug = "False"
		VWDPort = "43279"
	EndProjectSection
EndProject
Global
	GlobalSection(SolutionConfigurationPlatforms) = preSolution
		Debug|Any CPU = Debug|Any CPU
	EndGlobalSection
	GlobalSection(ProjectConfigurationPlatforms) = postSolution
		{BE5F59BC-A8F9-4781-A28E-E5F65780CC89}.Debug|Any CPU.ActiveCfg = Debug|Any CPU
		{BE5F59BC-A8F9-4781-A28E-E5F65780CC89}.Debug|Any CPU.Build.0 = Debug|Any CPU
	EndGlobalSection
	GlobalSection(SolutionProperties) = preSolution
		HideSolutionNode = FALSE
	EndGlobalSection
EndGlobal
